// !$*UTF8*$!
{
	archiveVersion = 1;
	classes = {
	};
	objectVersion = 56;
	objects = {

/* Begin PBXBuildFile section */
		3B2244AB2B1A267A00B64B7A /* MoviesApp.swift in Sources */ = {isa = PBXBuildFile; fileRef = 3B2244AA2B1A267A00B64B7A /* MoviesApp.swift */; };
		3B2244AD2B1A267A00B64B7A /* ContentView.swift in Sources */ = {isa = PBXBuildFile; fileRef = 3B2244AC2B1A267A00B64B7A /* ContentView.swift */; };
		3B2244AF2B1A267B00B64B7A /* Assets.xcassets in Resources */ = {isa = PBXBuildFile; fileRef = 3B2244AE2B1A267B00B64B7A /* Assets.xcassets */; };
		3B2244B22B1A267B00B64B7A /* Preview Assets.xcassets in Resources */ = {isa = PBXBuildFile; fileRef = 3B2244B12B1A267B00B64B7A /* Preview Assets.xcassets */; };
		3B2244CA2B1A26C300B64B7A /* Constants.swift in Sources */ = {isa = PBXBuildFile; fileRef = 3B2244C92B1A26C300B64B7A /* Constants.swift */; };
		3B2244CC2B1A273200B64B7A /* ImageLoader.swift in Sources */ = {isa = PBXBuildFile; fileRef = 3B2244CB2B1A273200B64B7A /* ImageLoader.swift */; };
		3B2244CE2B1A282300B64B7A /* Rating.swift in Sources */ = {isa = PBXBuildFile; fileRef = 3B2244CD2B1A282300B64B7A /* Rating.swift */; };
		3B2244D02B1A283C00B64B7A /* URLImage.swift in Sources */ = {isa = PBXBuildFile; fileRef = 3B2244CF2B1A283C00B64B7A /* URLImage.swift */; };
		3B2244D22B1B280D00B64B7A /* Movie.swift in Sources */ = {isa = PBXBuildFile; fileRef = 3B2244D12B1B280D00B64B7A /* Movie.swift */; };
		3B2244D42B1B29AE00B64B7A /* HTTPClient.swift in Sources */ = {isa = PBXBuildFile; fileRef = 3B2244D32B1B29AE00B64B7A /* HTTPClient.swift */; };
		3B2244D72B1B2F7C00B64B7A /* URL+Extensions.swift in Sources */ = {isa = PBXBuildFile; fileRef = 3B2244D62B1B2F7C00B64B7A /* URL+Extensions.swift */; };
/* End PBXBuildFile section */

/* Begin PBXFileReference section */
		3B2244A72B1A267A00B64B7A /* Movies.app */ = {isa = PBXFileReference; explicitFileType = wrapper.application; includeInIndex = 0; path = Movies.app; sourceTree = BUILT_PRODUCTS_DIR; };
		3B2244AA2B1A267A00B64B7A /* MoviesApp.swift */ = {isa = PBXFileReference; lastKnownFileType = sourcecode.swift; path = MoviesApp.swift; sourceTree = "<group>"; };
		3B2244AC2B1A267A00B64B7A /* ContentView.swift */ = {isa = PBXFileReference; lastKnownFileType = sourcecode.swift; path = ContentView.swift; sourceTree = "<group>"; };
		3B2244AE2B1A267B00B64B7A /* Assets.xcassets */ = {isa = PBXFileReference; lastKnownFileType = folder.assetcatalog; path = Assets.xcassets; sourceTree = "<group>"; };
		3B2244B12B1A267B00B64B7A /* Preview Assets.xcassets */ = {isa = PBXFileReference; lastKnownFileType = folder.assetcatalog; path = "Preview Assets.xcassets"; sourceTree = "<group>"; };
		3B2244C92B1A26C300B64B7A /* Constants.swift */ = {isa = PBXFileReference; lastKnownFileType = sourcecode.swift; path = Constants.swift; sourceTree = "<group>"; };
		3B2244CB2B1A273200B64B7A /* ImageLoader.swift */ = {isa = PBXFileReference; lastKnownFileType = sourcecode.swift; path = ImageLoader.swift; sourceTree = "<group>"; };
		3B2244CD2B1A282300B64B7A /* Rating.swift */ = {isa = PBXFileReference; lastKnownFileType = sourcecode.swift; path = Rating.swift; sourceTree = "<group>"; };
		3B2244CF2B1A283C00B64B7A /* URLImage.swift */ = {isa = PBXFileReference; lastKnownFileType = sourcecode.swift; path = URLImage.swift; sourceTree = "<group>"; };
		3B2244D12B1B280D00B64B7A /* Movie.swift */ = {isa = PBXFileReference; lastKnownFileType = sourcecode.swift; path = Movie.swift; sourceTree = "<group>"; };
		3B2244D32B1B29AE00B64B7A /* HTTPClient.swift */ = {isa = PBXFileReference; lastKnownFileType = sourcecode.swift; path = HTTPClient.swift; sourceTree = "<group>"; };
		3B2244D52B1B2E0200B64B7A /* Info.plist */ = {isa = PBXFileReference; lastKnownFileType = text.plist; path = Info.plist; sourceTree = "<group>"; };
		3B2244D62B1B2F7C00B64B7A /* URL+Extensions.swift */ = {isa = PBXFileReference; lastKnownFileType = sourcecode.swift; path = "URL+Extensions.swift"; sourceTree = "<group>"; };
/* End PBXFileReference section */

/* Begin PBXFrameworksBuildPhase section */
		3B2244A42B1A267A00B64B7A /* Frameworks */ = {
			isa = PBXFrameworksBuildPhase;
			buildActionMask = 2147483647;
			files = (
			);
			runOnlyForDeploymentPostprocessing = 0;
		};
/* End PBXFrameworksBuildPhase section */

/* Begin PBXGroup section */
		3B22449E2B1A267A00B64B7A = {
			isa = PBXGroup;
			children = (
				3B2244A92B1A267A00B64B7A /* Movies */,
				3B2244A82B1A267A00B64B7A /* Products */,
			);
			sourceTree = "<group>";
		};
		3B2244A82B1A267A00B64B7A /* Products */ = {
			isa = PBXGroup;
			children = (
				3B2244A72B1A267A00B64B7A /* Movies.app */,
			);
			name = Products;
			sourceTree = "<group>";
		};
		3B2244A92B1A267A00B64B7A /* Movies */ = {
			isa = PBXGroup;
			children = (
				3B2244D52B1B2E0200B64B7A /* Info.plist */,
				3B2244BB2B1A26AE00B64B7A /* Controls */,
				3B2244BF2B1A26AE00B64B7A /* Extensions */,
				3B2244C32B1A26AF00B64B7A /* Loaders */,
				3B2244B82B1A26AE00B64B7A /* Models */,
				3B2244C02B1A26AE00B64B7A /* Screens */,
				3B2244C12B1A26AE00B64B7A /* Services */,
				3B2244B92B1A26AE00B64B7A /* Utils */,
				3B2244C22B1A26AF00B64B7A /* View Models */,
				3B2244BE2B1A26AE00B64B7A /* Views */,
				3B2244AA2B1A267A00B64B7A /* MoviesApp.swift */,
				3B2244AC2B1A267A00B64B7A /* ContentView.swift */,
				3B2244AE2B1A267B00B64B7A /* Assets.xcassets */,
				3B2244B02B1A267B00B64B7A /* Preview Content */,
			);
			path = Movies;
			sourceTree = "<group>";
		};
		3B2244B02B1A267B00B64B7A /* Preview Content */ = {
			isa = PBXGroup;
			children = (
				3B2244B12B1A267B00B64B7A /* Preview Assets.xcassets */,
			);
			path = "Preview Content";
			sourceTree = "<group>";
		};
		3B2244B82B1A26AE00B64B7A /* Models */ = {
			isa = PBXGroup;
			children = (
				3B2244D12B1B280D00B64B7A /* Movie.swift */,
			);
			path = Models;
			sourceTree = "<group>";
		};
		3B2244B92B1A26AE00B64B7A /* Utils */ = {
			isa = PBXGroup;
			children = (
				3B2244C92B1A26C300B64B7A /* Constants.swift */,
			);
			path = Utils;
			sourceTree = "<group>";
		};
		3B2244BB2B1A26AE00B64B7A /* Controls */ = {
			isa = PBXGroup;
			children = (
				3B2244CD2B1A282300B64B7A /* Rating.swift */,
				3B2244CF2B1A283C00B64B7A /* URLImage.swift */,
			);
			path = Controls;
			sourceTree = "<group>";
		};
		3B2244BE2B1A26AE00B64B7A /* Views */ = {
			isa = PBXGroup;
			children = (
			);
			path = Views;
			sourceTree = "<group>";
		};
		3B2244BF2B1A26AE00B64B7A /* Extensions */ = {
			isa = PBXGroup;
			children = (
				3B2244D62B1B2F7C00B64B7A /* URL+Extensions.swift */,
			);
			path = Extensions;
			sourceTree = "<group>";
		};
		3B2244C02B1A26AE00B64B7A /* Screens */ = {
			isa = PBXGroup;
			children = (
			);
			path = Screens;
			sourceTree = "<group>";
		};
		3B2244C12B1A26AE00B64B7A /* Services */ = {
			isa = PBXGroup;
			children = (
				3B2244D32B1B29AE00B64B7A /* HTTPClient.swift */,
			);
			path = Services;
			sourceTree = "<group>";
		};
		3B2244C22B1A26AF00B64B7A /* View Models */ = {
			isa = PBXGroup;
			children = (
			);
			path = "View Models";
			sourceTree = "<group>";
		};
		3B2244C32B1A26AF00B64B7A /* Loaders */ = {
			isa = PBXGroup;
			children = (
				3B2244CB2B1A273200B64B7A /* ImageLoader.swift */,
			);
			path = Loaders;
			sourceTree = "<group>";
		};
/* End PBXGroup section */

/* Begin PBXNativeTarget section */
		3B2244A62B1A267A00B64B7A /* Movies */ = {
			isa = PBXNativeTarget;
			buildConfigurationList = 3B2244B52B1A267B00B64B7A /* Build configuration list for PBXNativeTarget "Movies" */;
			buildPhases = (
				3B2244A32B1A267A00B64B7A /* Sources */,
				3B2244A42B1A267A00B64B7A /* Frameworks */,
				3B2244A52B1A267A00B64B7A /* Resources */,
			);
			buildRules = (
			);
			dependencies = (
			);
			name = Movies;
			productName = Movies;
			productReference = 3B2244A72B1A267A00B64B7A /* Movies.app */;
			productType = "com.apple.product-type.application";
		};
/* End PBXNativeTarget section */

/* Begin PBXProject section */
		3B22449F2B1A267A00B64B7A /* Project object */ = {
			isa = PBXProject;
			attributes = {
				BuildIndependentTargetsInParallel = 1;
				LastSwiftUpdateCheck = 1420;
				LastUpgradeCheck = 1420;
				TargetAttributes = {
					3B2244A62B1A267A00B64B7A = {
						CreatedOnToolsVersion = 14.2;
					};
				};
			};
			buildConfigurationList = 3B2244A22B1A267A00B64B7A /* Build configuration list for PBXProject "Movies" */;
			compatibilityVersion = "Xcode 14.0";
			developmentRegion = en;
			hasScannedForEncodings = 0;
			knownRegions = (
				en,
				Base,
			);
			mainGroup = 3B22449E2B1A267A00B64B7A;
			productRefGroup = 3B2244A82B1A267A00B64B7A /* Products */;
			projectDirPath = "";
			projectRoot = "";
			targets = (
				3B2244A62B1A267A00B64B7A /* Movies */,
			);
		};
/* End PBXProject section */

/* Begin PBXResourcesBuildPhase section */
		3B2244A52B1A267A00B64B7A /* Resources */ = {
			isa = PBXResourcesBuildPhase;
			buildActionMask = 2147483647;
			files = (
				3B2244B22B1A267B00B64B7A /* Preview Assets.xcassets in Resources */,
				3B2244AF2B1A267B00B64B7A /* Assets.xcassets in Resources */,
			);
			runOnlyForDeploymentPostprocessing = 0;
		};
/* End PBXResourcesBuildPhase section */

/* Begin PBXSourcesBuildPhase section */
		3B2244A32B1A267A00B64B7A /* Sources */ = {
			isa = PBXSourcesBuildPhase;
			buildActionMask = 2147483647;
			files = (
				3B2244D22B1B280D00B64B7A /* Movie.swift in Sources */,
				3B2244AD2B1A267A00B64B7A /* ContentView.swift in Sources */,
				3B2244D42B1B29AE00B64B7A /* HTTPClient.swift in Sources */,
				3B2244D02B1A283C00B64B7A /* URLImage.swift in Sources */,
				3B2244D72B1B2F7C00B64B7A /* URL+Extensions.swift in Sources */,
				3B2244CC2B1A273200B64B7A /* ImageLoader.swift in Sources */,
				3B2244CE2B1A282300B64B7A /* Rating.swift in Sources */,
				3B2244AB2B1A267A00B64B7A /* MoviesApp.swift in Sources */,
				3B2244CA2B1A26C300B64B7A /* Constants.swift in Sources */,
			);
			runOnlyForDeploymentPostprocessing = 0;
		};
/* End PBXSourcesBuildPhase section */

/* Begin XCBuildConfiguration section */
		3B2244B32B1A267B00B64B7A /* Debug */ = {
			isa = XCBuildConfiguration;
			buildSettings = {
				ALWAYS_SEARCH_USER_PATHS = NO;
				CLANG_ANALYZER_NONNULL = YES;
				CLANG_ANALYZER_NUMBER_OBJECT_CONVERSION = YES_AGGRESSIVE;
				CLANG_CXX_LANGUAGE_STANDARD = "gnu++20";
				CLANG_ENABLE_MODULES = YES;
				CLANG_ENABLE_OBJC_ARC = YES;
				CLANG_ENABLE_OBJC_WEAK = YES;
				CLANG_WARN_BLOCK_CAPTURE_AUTORELEASING = YES;
				CLANG_WARN_BOOL_CONVERSION = YES;
				CLANG_WARN_COMMA = YES;
				CLANG_WARN_CONSTANT_CONVERSION = YES;
				CLANG_WARN_DEPRECATED_OBJC_IMPLEMENTATIONS = YES;
				CLANG_WARN_DIRECT_OBJC_ISA_USAGE = YES_ERROR;
				CLANG_WARN_DOCUMENTATION_COMMENTS = YES;
				CLANG_WARN_EMPTY_BODY = YES;
				CLANG_WARN_ENUM_CONVERSION = YES;
				CLANG_WARN_INFINITE_RECURSION = YES;
				CLANG_WARN_INT_CONVERSION = YES;
				CLANG_WARN_NON_LITERAL_NULL_CONVERSION = YES;
				CLANG_WARN_OBJC_IMPLICIT_RETAIN_SELF = YES;
				CLANG_WARN_OBJC_LITERAL_CONVERSION = YES;
				CLANG_WARN_OBJC_ROOT_CLASS = YES_ERROR;
				CLANG_WARN_QUOTED_INCLUDE_IN_FRAMEWORK_HEADER = YES;
				CLANG_WARN_RANGE_LOOP_ANALYSIS = YES;
				CLANG_WARN_STRICT_PROTOTYPES = YES;
				CLANG_WARN_SUSPICIOUS_MOVE = YES;
				CLANG_WARN_UNGUARDED_AVAILABILITY = YES_AGGRESSIVE;
				CLANG_WARN_UNREACHABLE_CODE = YES;
				CLANG_WARN__DUPLICATE_METHOD_MATCH = YES;
				COPY_PHASE_STRIP = NO;
				DEBUG_INFORMATION_FORMAT = dwarf;
				ENABLE_STRICT_OBJC_MSGSEND = YES;
				ENABLE_TESTABILITY = YES;
				GCC_C_LANGUAGE_STANDARD = gnu11;
				GCC_DYNAMIC_NO_PIC = NO;
				GCC_NO_COMMON_BLOCKS = YES;
				GCC_OPTIMIZATION_LEVEL = 0;
				GCC_PREPROCESSOR_DEFINITIONS = (
					"DEBUG=1",
					"$(inherited)",
				);
				GCC_WARN_64_TO_32_BIT_CONVERSION = YES;
				GCC_WARN_ABOUT_RETURN_TYPE = YES_ERROR;
				GCC_WARN_UNDECLARED_SELECTOR = YES;
				GCC_WARN_UNINITIALIZED_AUTOS = YES_AGGRESSIVE;
				GCC_WARN_UNUSED_FUNCTION = YES;
				GCC_WARN_UNUSED_VARIABLE = YES;
				IPHONEOS_DEPLOYMENT_TARGET = 16.2;
				MTL_ENABLE_DEBUG_INFO = INCLUDE_SOURCE;
				MTL_FAST_MATH = YES;
				ONLY_ACTIVE_ARCH = YES;
				SDKROOT = iphoneos;
				SWIFT_ACTIVE_COMPILATION_CONDITIONS = DEBUG;
				SWIFT_OPTIMIZATION_LEVEL = "-Onone";
			};
			name = Debug;
		};
		3B2244B42B1A267B00B64B7A /* Release */ = {
			isa = XCBuildConfiguration;
			buildSettings = {
				ALWAYS_SEARCH_USER_PATHS = NO;
				CLANG_ANALYZER_NONNULL = YES;
				CLANG_ANALYZER_NUMBER_OBJECT_CONVERSION = YES_AGGRESSIVE;
				CLANG_CXX_LANGUAGE_STANDARD = "gnu++20";
				CLANG_ENABLE_MODULES = YES;
				CLANG_ENABLE_OBJC_ARC = YES;
				CLANG_ENABLE_OBJC_WEAK = YES;
				CLANG_WARN_BLOCK_CAPTURE_AUTORELEASING = YES;
				CLANG_WARN_BOOL_CONVERSION = YES;
				CLANG_WARN_COMMA = YES;
				CLANG_WARN_CONSTANT_CONVERSION = YES;
				CLANG_WARN_DEPRECATED_OBJC_IMPLEMENTATIONS = YES;
				CLANG_WARN_DIRECT_OBJC_ISA_USAGE = YES_ERROR;
				CLANG_WARN_DOCUMENTATION_COMMENTS = YES;
				CLANG_WARN_EMPTY_BODY = YES;
				CLANG_WARN_ENUM_CONVERSION = YES;
				CLANG_WARN_INFINITE_RECURSION = YES;
				CLANG_WARN_INT_CONVERSION = YES;
				CLANG_WARN_NON_LITERAL_NULL_CONVERSION = YES;
				CLANG_WARN_OBJC_IMPLICIT_RETAIN_SELF = YES;
				CLANG_WARN_OBJC_LITERAL_CONVERSION = YES;
				CLANG_WARN_OBJC_ROOT_CLASS = YES_ERROR;
				CLANG_WARN_QUOTED_INCLUDE_IN_FRAMEWORK_HEADER = YES;
				CLANG_WARN_RANGE_LOOP_ANALYSIS = YES;
				CLANG_WARN_STRICT_PROTOTYPES = YES;
				CLANG_WARN_SUSPICIOUS_MOVE = YES;
				CLANG_WARN_UNGUARDED_AVAILABILITY = YES_AGGRESSIVE;
				CLANG_WARN_UNREACHABLE_CODE = YES;
				CLANG_WARN__DUPLICATE_METHOD_MATCH = YES;
				COPY_PHASE_STRIP = NO;
				DEBUG_INFORMATION_FORMAT = "dwarf-with-dsym";
				ENABLE_NS_ASSERTIONS = NO;
				ENABLE_STRICT_OBJC_MSGSEND = YES;
				GCC_C_LANGUAGE_STANDARD = gnu11;
				GCC_NO_COMMON_BLOCKS = YES;
				GCC_WARN_64_TO_32_BIT_CONVERSION = YES;
				GCC_WARN_ABOUT_RETURN_TYPE = YES_ERROR;
				GCC_WARN_UNDECLARED_SELECTOR = YES;
				GCC_WARN_UNINITIALIZED_AUTOS = YES_AGGRESSIVE;
				GCC_WARN_UNUSED_FUNCTION = YES;
				GCC_WARN_UNUSED_VARIABLE = YES;
				IPHONEOS_DEPLOYMENT_TARGET = 16.2;
				MTL_ENABLE_DEBUG_INFO = NO;
				MTL_FAST_MATH = YES;
				SDKROOT = iphoneos;
				SWIFT_COMPILATION_MODE = wholemodule;
				SWIFT_OPTIMIZATION_LEVEL = "-O";
				VALIDATE_PRODUCT = YES;
			};
			name = Release;
		};
		3B2244B62B1A267B00B64B7A /* Debug */ = {
			isa = XCBuildConfiguration;
			buildSettings = {
				ASSETCATALOG_COMPILER_APPICON_NAME = AppIcon;
				ASSETCATALOG_COMPILER_GLOBAL_ACCENT_COLOR_NAME = AccentColor;
				CODE_SIGN_STYLE = Automatic;
				CURRENT_PROJECT_VERSION = 1;
				DEVELOPMENT_ASSET_PATHS = "\"Movies/Preview Content\"";
				DEVELOPMENT_TEAM = 6CBTWMSXBM;
				ENABLE_PREVIEWS = YES;
				GENERATE_INFOPLIST_FILE = YES;
				INFOPLIST_FILE = Movies/Info.plist;
				INFOPLIST_KEY_UIApplicationSceneManifest_Generation = YES;
				INFOPLIST_KEY_UIApplicationSupportsIndirectInputEvents = YES;
				INFOPLIST_KEY_UILaunchScreen_Generation = YES;
				INFOPLIST_KEY_UISupportedInterfaceOrientations_iPad = "UIInterfaceOrientationPortrait UIInterfaceOrientationPortraitUpsideDown UIInterfaceOrientationLandscapeLeft UIInterfaceOrientationLandscapeRight";
				INFOPLIST_KEY_UISupportedInterfaceOrientations_iPhone = "UIInterfaceOrientationPortrait UIInterfaceOrientationLandscapeLeft UIInterfaceOrientationLandscapeRight";
				LD_RUNPATH_SEARCH_PATHS = (
					"$(inherited)",
					"@executable_path/Frameworks",
				);
				MARKETING_VERSION = 1.0;
				PRODUCT_BUNDLE_IDENTIFIER = amatnug.amatnug.Movies;
				PRODUCT_NAME = "$(TARGET_NAME)";
				SWIFT_EMIT_LOC_STRINGS = YES;
				SWIFT_VERSION = 5.0;
				TARGETED_DEVICE_FAMILY = "1,2";
			};
			name = Debug;
		};
		3B2244B72B1A267B00B64B7A /* Release */ = {
			isa = XCBuildConfiguration;
			buildSettings = {
				ASSETCATALOG_COMPILER_APPICON_NAME = AppIcon;
				ASSETCATALOG_COMPILER_GLOBAL_ACCENT_COLOR_NAME = AccentColor;
				CODE_SIGN_STYLE = Automatic;
				CURRENT_PROJECT_VERSION = 1;
				DEVELOPMENT_ASSET_PATHS = "\"Movies/Preview Content\"";
				DEVELOPMENT_TEAM = 6CBTWMSXBM;
				ENABLE_PREVIEWS = YES;
				GENERATE_INFOPLIST_FILE = YES;
				INFOPLIST_FILE = Movies/Info.plist;
				INFOPLIST_KEY_UIApplicationSceneManifest_Generation = YES;
				INFOPLIST_KEY_UIApplicationSupportsIndirectInputEvents = YES;
				INFOPLIST_KEY_UILaunchScreen_Generation = YES;
				INFOPLIST_KEY_UISupportedInterfaceOrientations_iPad = "UIInterfaceOrientationPortrait UIInterfaceOrientationPortraitUpsideDown UIInterfaceOrientationLandscapeLeft UIInterfaceOrientationLandscapeRight";
				INFOPLIST_KEY_UISupportedInterfaceOrientations_iPhone = "UIInterfaceOrientationPortrait UIInterfaceOrientationLandscapeLeft UIInterfaceOrientationLandscapeRight";
				LD_RUNPATH_SEARCH_PATHS = (
					"$(inherited)",
					"@executable_path/Frameworks",
				);
				MARKETING_VERSION = 1.0;
				PRODUCT_BUNDLE_IDENTIFIER = amatnug.amatnug.Movies;
				PRODUCT_NAME = "$(TARGET_NAME)";
				SWIFT_EMIT_LOC_STRINGS = YES;
				SWIFT_VERSION = 5.0;
				TARGETED_DEVICE_FAMILY = "1,2";
			};
			name = Release;
		};
/* End XCBuildConfiguration section */

/* Begin XCConfigurationList section */
		3B2244A22B1A267A00B64B7A /* Build configuration list for PBXProject "Movies" */ = {
			isa = XCConfigurationList;
			buildConfigurations = (
				3B2244B32B1A267B00B64B7A /* Debug */,
				3B2244B42B1A267B00B64B7A /* Release */,
			);
			defaultConfigurationIsVisible = 0;
			defaultConfigurationName = Release;
		};
		3B2244B52B1A267B00B64B7A /* Build configuration list for PBXNativeTarget "Movies" */ = {
			isa = XCConfigurationList;
			buildConfigurations = (
				3B2244B62B1A267B00B64B7A /* Debug */,
				3B2244B72B1A267B00B64B7A /* Release */,
			);
			defaultConfigurationIsVisible = 0;
			defaultConfigurationName = Release;
		};
/* End XCConfigurationList section */
	};
	rootObject = 3B22449F2B1A267A00B64B7A /* Project object */;
}
